// !$*UTF8*$!
{
	archiveVersion = 1;
	classes = {
	};
	objectVersion = 46;
	objects = {

/* Begin PBXBuildFile section */
		D44C19BC1E367A670044DD6A /* AppDelegate.swift in Sources */ = {isa = PBXBuildFile; fileRef = D44C19BB1E367A670044DD6A /* AppDelegate.swift */; };
		D44C19BE1E367A670044DD6A /* ViewController.swift in Sources */ = {isa = PBXBuildFile; fileRef = D44C19BD1E367A670044DD6A /* ViewController.swift */; };
		D44C19C11E367A670044DD6A /* Main.storyboard in Resources */ = {isa = PBXBuildFile; fileRef = D44C19BF1E367A670044DD6A /* Main.storyboard */; };
		D44C19C31E367A670044DD6A /* Assets.xcassets in Resources */ = {isa = PBXBuildFile; fileRef = D44C19C21E367A670044DD6A /* Assets.xcassets */; };
		D44C19C61E367A670044DD6A /* LaunchScreen.storyboard in Resources */ = {isa = PBXBuildFile; fileRef = D44C19C41E367A670044DD6A /* LaunchScreen.storyboard */; };
		D44C19D11E367A670044DD6A /* StretchLayoutSampleTests.swift in Sources */ = {isa = PBXBuildFile; fileRef = D44C19D01E367A670044DD6A /* StretchLayoutSampleTests.swift */; };
		D44C19DC1E367A680044DD6A /* StretchLayoutSampleUITests.swift in Sources */ = {isa = PBXBuildFile; fileRef = D44C19DB1E367A680044DD6A /* StretchLayoutSampleUITests.swift */; };
		D44C19EF1E36EE6E0044DD6A /* CustomCollectionViewCell.swift in Sources */ = {isa = PBXBuildFile; fileRef = D44C19ED1E36EE6E0044DD6A /* CustomCollectionViewCell.swift */; };
		D44C19F01E36EE6E0044DD6A /* CustomCollectionViewCell.xib in Resources */ = {isa = PBXBuildFile; fileRef = D44C19EE1E36EE6E0044DD6A /* CustomCollectionViewCell.xib */; };
		D44C19F21E36EEE80044DD6A /* StretchFlowLayout.swift in Sources */ = {isa = PBXBuildFile; fileRef = D44C19F11E36EEE80044DD6A /* StretchFlowLayout.swift */; };
/* End PBXBuildFile section */

/* Begin PBXContainerItemProxy section */
		D44C19CD1E367A670044DD6A /* PBXContainerItemProxy */ = {
			isa = PBXContainerItemProxy;
			containerPortal = D44C19B01E367A670044DD6A /* Project object */;
			proxyType = 1;
			remoteGlobalIDString = D44C19B71E367A670044DD6A;
			remoteInfo = StretchLayoutSample;
		};
		D44C19D81E367A680044DD6A /* PBXContainerItemProxy */ = {
			isa = PBXContainerItemProxy;
			containerPortal = D44C19B01E367A670044DD6A /* Project object */;
			proxyType = 1;
			remoteGlobalIDString = D44C19B71E367A670044DD6A;
			remoteInfo = StretchLayoutSample;
		};
/* End PBXContainerItemProxy section */

/* Begin PBXFileReference section */
		D44C19B81E367A670044DD6A /* StretchLayoutSample.app */ = {isa = PBXFileReference; explicitFileType = wrapper.application; includeInIndex = 0; path = StretchLayoutSample.app; sourceTree = BUILT_PRODUCTS_DIR; };
		D44C19BB1E367A670044DD6A /* AppDelegate.swift */ = {isa = PBXFileReference; lastKnownFileType = sourcecode.swift; path = AppDelegate.swift; sourceTree = "<group>"; };
		D44C19BD1E367A670044DD6A /* ViewController.swift */ = {isa = PBXFileReference; lastKnownFileType = sourcecode.swift; path = ViewController.swift; sourceTree = "<group>"; };
		D44C19C01E367A670044DD6A /* Base */ = {isa = PBXFileReference; lastKnownFileType = file.storyboard; name = Base; path = Base.lproj/Main.storyboard; sourceTree = "<group>"; };
		D44C19C21E367A670044DD6A /* Assets.xcassets */ = {isa = PBXFileReference; lastKnownFileType = folder.assetcatalog; path = Assets.xcassets; sourceTree = "<group>"; };
		D44C19C51E367A670044DD6A /* Base */ = {isa = PBXFileReference; lastKnownFileType = file.storyboard; name = Base; path = Base.lproj/LaunchScreen.storyboard; sourceTree = "<group>"; };
		D44C19C71E367A670044DD6A /* Info.plist */ = {isa = PBXFileReference; lastKnownFileType = text.plist.xml; path = Info.plist; sourceTree = "<group>"; };
		D44C19CC1E367A670044DD6A /* StretchLayoutSampleTests.xctest */ = {isa = PBXFileReference; explicitFileType = wrapper.cfbundle; includeInIndex = 0; path = StretchLayoutSampleTests.xctest; sourceTree = BUILT_PRODUCTS_DIR; };
		D44C19D01E367A670044DD6A /* StretchLayoutSampleTests.swift */ = {isa = PBXFileReference; lastKnownFileType = sourcecode.swift; path = StretchLayoutSampleTests.swift; sourceTree = "<group>"; };
		D44C19D21E367A670044DD6A /* Info.plist */ = {isa = PBXFileReference; lastKnownFileType = text.plist.xml; path = Info.plist; sourceTree = "<group>"; };
		D44C19D71E367A680044DD6A /* StretchLayoutSampleUITests.xctest */ = {isa = PBXFileReference; explicitFileType = wrapper.cfbundle; includeInIndex = 0; path = StretchLayoutSampleUITests.xctest; sourceTree = BUILT_PRODUCTS_DIR; };
		D44C19DB1E367A680044DD6A /* StretchLayoutSampleUITests.swift */ = {isa = PBXFileReference; lastKnownFileType = sourcecode.swift; path = StretchLayoutSampleUITests.swift; sourceTree = "<group>"; };
		D44C19DD1E367A680044DD6A /* Info.plist */ = {isa = PBXFileReference; lastKnownFileType = text.plist.xml; path = Info.plist; sourceTree = "<group>"; };
		D44C19ED1E36EE6E0044DD6A /* CustomCollectionViewCell.swift */ = {isa = PBXFileReference; fileEncoding = 4; lastKnownFileType = sourcecode.swift; path = CustomCollectionViewCell.swift; sourceTree = "<group>"; };
		D44C19EE1E36EE6E0044DD6A /* CustomCollectionViewCell.xib */ = {isa = PBXFileReference; fileEncoding = 4; lastKnownFileType = file.xib; path = CustomCollectionViewCell.xib; sourceTree = "<group>"; };
		D44C19F11E36EEE80044DD6A /* StretchFlowLayout.swift */ = {isa = PBXFileReference; fileEncoding = 4; lastKnownFileType = sourcecode.swift; path = StretchFlowLayout.swift; sourceTree = "<group>"; };
/* End PBXFileReference section */

/* Begin PBXFrameworksBuildPhase section */
		D44C19B51E367A670044DD6A /* Frameworks */ = {
			isa = PBXFrameworksBuildPhase;
			buildActionMask = 2147483647;
			files = (
			);
			runOnlyForDeploymentPostprocessing = 0;
		};
		D44C19C91E367A670044DD6A /* Frameworks */ = {
			isa = PBXFrameworksBuildPhase;
			buildActionMask = 2147483647;
			files = (
			);
			runOnlyForDeploymentPostprocessing = 0;
		};
		D44C19D41E367A680044DD6A /* Frameworks */ = {
			isa = PBXFrameworksBuildPhase;
			buildActionMask = 2147483647;
			files = (
			);
			runOnlyForDeploymentPostprocessing = 0;
		};
/* End PBXFrameworksBuildPhase section */

/* Begin PBXGroup section */
		D44C19AF1E367A670044DD6A = {
			isa = PBXGroup;
			children = (
				D44C19BA1E367A670044DD6A /* StretchLayoutSample */,
				D44C19CF1E367A670044DD6A /* StretchLayoutSampleTests */,
				D44C19DA1E367A680044DD6A /* StretchLayoutSampleUITests */,
				D44C19B91E367A670044DD6A /* Products */,
			);
			sourceTree = "<group>";
		};
		D44C19B91E367A670044DD6A /* Products */ = {
			isa = PBXGroup;
			children = (
				D44C19B81E367A670044DD6A /* StretchLayoutSample.app */,
				D44C19CC1E367A670044DD6A /* StretchLayoutSampleTests.xctest */,
				D44C19D71E367A680044DD6A /* StretchLayoutSampleUITests.xctest */,
			);
			name = Products;
			sourceTree = "<group>";
		};
		D44C19BA1E367A670044DD6A /* StretchLayoutSample */ = {
			isa = PBXGroup;
			children = (
				D44C19BB1E367A670044DD6A /* AppDelegate.swift */,
				D44C19F11E36EEE80044DD6A /* StretchFlowLayout.swift */,
				D44C19BD1E367A670044DD6A /* ViewController.swift */,
				D44C19ED1E36EE6E0044DD6A /* CustomCollectionViewCell.swift */,
				D44C19EE1E36EE6E0044DD6A /* CustomCollectionViewCell.xib */,
				D44C19BF1E367A670044DD6A /* Main.storyboard */,
				D44C19C21E367A670044DD6A /* Assets.xcassets */,
				D44C19C41E367A670044DD6A /* LaunchScreen.storyboard */,
				D44C19C71E367A670044DD6A /* Info.plist */,
			);
			path = StretchLayoutSample;
			sourceTree = "<group>";
		};
		D44C19CF1E367A670044DD6A /* StretchLayoutSampleTests */ = {
			isa = PBXGroup;
			children = (
				D44C19D01E367A670044DD6A /* StretchLayoutSampleTests.swift */,
				D44C19D21E367A670044DD6A /* Info.plist */,
			);
			path = StretchLayoutSampleTests;
			sourceTree = "<group>";
		};
		D44C19DA1E367A680044DD6A /* StretchLayoutSampleUITests */ = {
			isa = PBXGroup;
			children = (
				D44C19DB1E367A680044DD6A /* StretchLayoutSampleUITests.swift */,
				D44C19DD1E367A680044DD6A /* Info.plist */,
			);
			path = StretchLayoutSampleUITests;
			sourceTree = "<group>";
		};
/* End PBXGroup section */

/* Begin PBXNativeTarget section */
		D44C19B71E367A670044DD6A /* StretchLayoutSample */ = {
			isa = PBXNativeTarget;
			buildConfigurationList = D44C19E01E367A680044DD6A /* Build configuration list for PBXNativeTarget "StretchLayoutSample" */;
			buildPhases = (
				D44C19B41E367A670044DD6A /* Sources */,
				D44C19B51E367A670044DD6A /* Frameworks */,
				D44C19B61E367A670044DD6A /* Resources */,
			);
			buildRules = (
			);
			dependencies = (
			);
			name = StretchLayoutSample;
			productName = StretchLayoutSample;
			productReference = D44C19B81E367A670044DD6A /* StretchLayoutSample.app */;
			productType = "com.apple.product-type.application";
		};
		D44C19CB1E367A670044DD6A /* StretchLayoutSampleTests */ = {
			isa = PBXNativeTarget;
			buildConfigurationList = D44C19E31E367A680044DD6A /* Build configuration list for PBXNativeTarget "StretchLayoutSampleTests" */;
			buildPhases = (
				D44C19C81E367A670044DD6A /* Sources */,
				D44C19C91E367A670044DD6A /* Frameworks */,
				D44C19CA1E367A670044DD6A /* Resources */,
			);
			buildRules = (
			);
			dependencies = (
				D44C19CE1E367A670044DD6A /* PBXTargetDependency */,
			);
			name = StretchLayoutSampleTests;
			productName = StretchLayoutSampleTests;
			productReference = D44C19CC1E367A670044DD6A /* StretchLayoutSampleTests.xctest */;
			productType = "com.apple.product-type.bundle.unit-test";
		};
		D44C19D61E367A680044DD6A /* StretchLayoutSampleUITests */ = {
			isa = PBXNativeTarget;
			buildConfigurationList = D44C19E61E367A680044DD6A /* Build configuration list for PBXNativeTarget "StretchLayoutSampleUITests" */;
			buildPhases = (
				D44C19D31E367A680044DD6A /* Sources */,
				D44C19D41E367A680044DD6A /* Frameworks */,
				D44C19D51E367A680044DD6A /* Resources */,
			);
			buildRules = (
			);
			dependencies = (
				D44C19D91E367A680044DD6A /* PBXTargetDependency */,
			);
			name = StretchLayoutSampleUITests;
			productName = StretchLayoutSampleUITests;
			productReference = D44C19D71E367A680044DD6A /* StretchLayoutSampleUITests.xctest */;
			productType = "com.apple.product-type.bundle.ui-testing";
		};
/* End PBXNativeTarget section */

/* Begin PBXProject section */
		D44C19B01E367A670044DD6A /* Project object */ = {
			isa = PBXProject;
			attributes = {
				LastSwiftUpdateCheck = 0820;
				LastUpgradeCheck = 0820;
				ORGANIZATIONNAME = "Jinsei Shima";
				TargetAttributes = {
					D44C19B71E367A670044DD6A = {
						CreatedOnToolsVersion = 8.2.1;
						DevelopmentTeam = 64T4PJ8WCZ;
						ProvisioningStyle = Automatic;
					};
					D44C19CB1E367A670044DD6A = {
						CreatedOnToolsVersion = 8.2.1;
						DevelopmentTeam = 64T4PJ8WCZ;
						ProvisioningStyle = Automatic;
						TestTargetID = D44C19B71E367A670044DD6A;
					};
					D44C19D61E367A680044DD6A = {
						CreatedOnToolsVersion = 8.2.1;
						DevelopmentTeam = 64T4PJ8WCZ;
						ProvisioningStyle = Automatic;
						TestTargetID = D44C19B71E367A670044DD6A;
					};
				};
			};
			buildConfigurationList = D44C19B31E367A670044DD6A /* Build configuration list for PBXProject "StretchLayoutSample" */;
			compatibilityVersion = "Xcode 3.2";
			developmentRegion = English;
			hasScannedForEncodings = 0;
			knownRegions = (
				en,
				Base,
			);
			mainGroup = D44C19AF1E367A670044DD6A;
			productRefGroup = D44C19B91E367A670044DD6A /* Products */;
			projectDirPath = "";
			projectRoot = "";
			targets = (
				D44C19B71E367A670044DD6A /* StretchLayoutSample */,
				D44C19CB1E367A670044DD6A /* StretchLayoutSampleTests */,
				D44C19D61E367A680044DD6A /* StretchLayoutSampleUITests */,
			);
		};
/* End PBXProject section */

/* Begin PBXResourcesBuildPhase section */
		D44C19B61E367A670044DD6A /* Resources */ = {
			isa = PBXResourcesBuildPhase;
			buildActionMask = 2147483647;
			files = (
				D44C19C61E367A670044DD6A /* LaunchScreen.storyboard in Resources */,
				D44C19C31E367A670044DD6A /* Assets.xcassets in Resources */,
				D44C19F01E36EE6E0044DD6A /* CustomCollectionViewCell.xib in Resources */,
				D44C19C11E367A670044DD6A /* Main.storyboard in Resources */,
			);
			runOnlyForDeploymentPostprocessing = 0;
		};
		D44C19CA1E367A670044DD6A /* Resources */ = {
			isa = PBXResourcesBuildPhase;
			buildActionMask = 2147483647;
			files = (
			);
			runOnlyForDeploymentPostprocessing = 0;
		};
		D44C19D51E367A680044DD6A /* Resources */ = {
			isa = PBXResourcesBuildPhase;
			buildActionMask = 2147483647;
			files = (
			);
			runOnlyForDeploymentPostprocessing = 0;
		};
/* End PBXResourcesBuildPhase section */

/* Begin PBXSourcesBuildPhase section */
		D44C19B41E367A670044DD6A /* Sources */ = {
			isa = PBXSourcesBuildPhase;
			buildActionMask = 2147483647;
			files = (
				D44C19BE1E367A670044DD6A /* ViewController.swift in Sources */,
				D44C19F21E36EEE80044DD6A /* StretchFlowLayout.swift in Sources */,
				D44C19BC1E367A670044DD6A /* AppDelegate.swift in Sources */,
				D44C19EF1E36EE6E0044DD6A /* CustomCollectionViewCell.swift in Sources */,
			);
			runOnlyForDeploymentPostprocessing = 0;
		};
		D44C19C81E367A670044DD6A /* Sources */ = {
			isa = PBXSourcesBuildPhase;
			buildActionMask = 2147483647;
			files = (
				D44C19D11E367A670044DD6A /* StretchLayoutSampleTests.swift in Sources */,
			);
			runOnlyForDeploymentPostprocessing = 0;
		};
		D44C19D31E367A680044DD6A /* Sources */ = {
			isa = PBXSourcesBuildPhase;
			buildActionMask = 2147483647;
			files = (
				D44C19DC1E367A680044DD6A /* StretchLayoutSampleUITests.swift in Sources */,
			);
			runOnlyForDeploymentPostprocessing = 0;
		};
/* End PBXSourcesBuildPhase section */

/* Begin PBXTargetDependency section */
		D44C19CE1E367A670044DD6A /* PBXTargetDependency */ = {
			isa = PBXTargetDependency;
			target = D44C19B71E367A670044DD6A /* StretchLayoutSample */;
			targetProxy = D44C19CD1E367A670044DD6A /* PBXContainerItemProxy */;
		};
		D44C19D91E367A680044DD6A /* PBXTargetDependency */ = {
			isa = PBXTargetDependency;
			target = D44C19B71E367A670044DD6A /* StretchLayoutSample */;
			targetProxy = D44C19D81E367A680044DD6A /* PBXContainerItemProxy */;
		};
/* End PBXTargetDependency section */

/* Begin PBXVariantGroup section */
		D44C19BF1E367A670044DD6A /* Main.storyboard */ = {
			isa = PBXVariantGroup;
			children = (
				D44C19C01E367A670044DD6A /* Base */,
			);
			name = Main.storyboard;
			sourceTree = "<group>";
		};
		D44C19C41E367A670044DD6A /* LaunchScreen.storyboard */ = {
			isa = PBXVariantGroup;
			children = (
				D44C19C51E367A670044DD6A /* Base */,
			);
			name = LaunchScreen.storyboard;
			sourceTree = "<group>";
		};
/* End PBXVariantGroup section */

/* Begin XCBuildConfiguration section */
		D44C19DE1E367A680044DD6A /* Debug */ = {
			isa = XCBuildConfiguration;
			buildSettings = {
				ALWAYS_SEARCH_USER_PATHS = NO;
				CLANG_ANALYZER_NONNULL = YES;
				CLANG_CXX_LANGUAGE_STANDARD = "gnu++0x";
				CLANG_CXX_LIBRARY = "libc++";
				CLANG_ENABLE_MODULES = YES;
				CLANG_ENABLE_OBJC_ARC = YES;
				CLANG_WARN_BOOL_CONVERSION = YES;
				CLANG_WARN_CONSTANT_CONVERSION = YES;
				CLANG_WARN_DIRECT_OBJC_ISA_USAGE = YES_ERROR;
				CLANG_WARN_DOCUMENTATION_COMMENTS = YES;
				CLANG_WARN_EMPTY_BODY = YES;
				CLANG_WARN_ENUM_CONVERSION = YES;
				CLANG_WARN_INFINITE_RECURSION = YES;
				CLANG_WARN_INT_CONVERSION = YES;
				CLANG_WARN_OBJC_ROOT_CLASS = YES_ERROR;
				CLANG_WARN_SUSPICIOUS_MOVE = YES;
				CLANG_WARN_UNREACHABLE_CODE = YES;
				CLANG_WARN__DUPLICATE_METHOD_MATCH = YES;
				"CODE_SIGN_IDENTITY[sdk=iphoneos*]" = "iPhone Developer";
				COPY_PHASE_STRIP = NO;
				DEBUG_INFORMATION_FORMAT = dwarf;
				ENABLE_STRICT_OBJC_MSGSEND = YES;
				ENABLE_TESTABILITY = YES;
				GCC_C_LANGUAGE_STANDARD = gnu99;
				GCC_DYNAMIC_NO_PIC = NO;
				GCC_NO_COMMON_BLOCKS = YES;
				GCC_OPTIMIZATION_LEVEL = 0;
				GCC_PREPROCESSOR_DEFINITIONS = (
					"DEBUG=1",
					"$(inherited)",
				);
				GCC_WARN_64_TO_32_BIT_CONVERSION = YES;
				GCC_WARN_ABOUT_RETURN_TYPE = YES_ERROR;
				GCC_WARN_UNDECLARED_SELECTOR = YES;
				GCC_WARN_UNINITIALIZED_AUTOS = YES_AGGRESSIVE;
				GCC_WARN_UNUSED_FUNCTION = YES;
				GCC_WARN_UNUSED_VARIABLE = YES;
				IPHONEOS_DEPLOYMENT_TARGET = 9.0;
				MTL_ENABLE_DEBUG_INFO = YES;
				ONLY_ACTIVE_ARCH = YES;
				SDKROOT = iphoneos;
				SWIFT_ACTIVE_COMPILATION_CONDITIONS = DEBUG;
				SWIFT_OPTIMIZATION_LEVEL = "-Onone";
			};
			name = Debug;
		};
		D44C19DF1E367A680044DD6A /* Release */ = {
			isa = XCBuildConfiguration;
			buildSettings = {
				ALWAYS_SEARCH_USER_PATHS = NO;
				CLANG_ANALYZER_NONNULL = YES;
				CLANG_CXX_LANGUAGE_STANDARD = "gnu++0x";
				CLANG_CXX_LIBRARY = "libc++";
				CLANG_ENABLE_MODULES = YES;
				CLANG_ENABLE_OBJC_ARC = YES;
				CLANG_WARN_BOOL_CONVERSION = YES;
				CLANG_WARN_CONSTANT_CONVERSION = YES;
				CLANG_WARN_DIRECT_OBJC_ISA_USAGE = YES_ERROR;
				CLANG_WARN_DOCUMENTATION_COMMENTS = YES;
				CLANG_WARN_EMPTY_BODY = YES;
				CLANG_WARN_ENUM_CONVERSION = YES;
				CLANG_WARN_INFINITE_RECURSION = YES;
				CLANG_WARN_INT_CONVERSION = YES;
				CLANG_WARN_OBJC_ROOT_CLASS = YES_ERROR;
				CLANG_WARN_SUSPICIOUS_MOVE = YES;
				CLANG_WARN_UNREACHABLE_CODE = YES;
				CLANG_WARN__DUPLICATE_METHOD_MATCH = YES;
				"CODE_SIGN_IDENTITY[sdk=iphoneos*]" = "iPhone Developer";
				COPY_PHASE_STRIP = NO;
				DEBUG_INFORMATION_FORMAT = "dwarf-with-dsym";
				ENABLE_NS_ASSERTIONS = NO;
				ENABLE_STRICT_OBJC_MSGSEND = YES;
				GCC_C_LANGUAGE_STANDARD = gnu99;
				GCC_NO_COMMON_BLOCKS = YES;
				GCC_WARN_64_TO_32_BIT_CONVERSION = YES;
				GCC_WARN_ABOUT_RETURN_TYPE = YES_ERROR;
				GCC_WARN_UNDECLARED_SELECTOR = YES;
				GCC_WARN_UNINITIALIZED_AUTOS = YES_AGGRESSIVE;
				GCC_WARN_UNUSED_FUNCTION = YES;
				GCC_WARN_UNUSED_VARIABLE = YES;
				IPHONEOS_DEPLOYMENT_TARGET = 9.0;
				MTL_ENABLE_DEBUG_INFO = NO;
				SDKROOT = iphoneos;
				SWIFT_OPTIMIZATION_LEVEL = "-Owholemodule";
				VALIDATE_PRODUCT = YES;
			};
			name = Release;
		};
		D44C19E11E367A680044DD6A /* Debug */ = {
			isa = XCBuildConfiguration;
			buildSettings = {
				ASSETCATALOG_COMPILER_APPICON_NAME = AppIcon;
				DEVELOPMENT_TEAM = 64T4PJ8WCZ;
				INFOPLIST_FILE = StretchLayoutSample/Info.plist;
				IPHONEOS_DEPLOYMENT_TARGET = 9.0;
				LD_RUNPATH_SEARCH_PATHS = "$(inherited) @executable_path/Frameworks";
				PRODUCT_BUNDLE_IDENTIFIER = com.shimaApps.StretchLayoutSample;
				PRODUCT_NAME = "$(TARGET_NAME)";
				SWIFT_VERSION = 3.0;
			};
			name = Debug;
		};
		D44C19E21E367A680044DD6A /* Release */ = {
			isa = XCBuildConfiguration;
			buildSettings = {
				ASSETCATALOG_COMPILER_APPICON_NAME = AppIcon;
				DEVELOPMENT_TEAM = 64T4PJ8WCZ;
				INFOPLIST_FILE = StretchLayoutSample/Info.plist;
				IPHONEOS_DEPLOYMENT_TARGET = 9.0;
				LD_RUNPATH_SEARCH_PATHS = "$(inherited) @executable_path/Frameworks";
				PRODUCT_BUNDLE_IDENTIFIER = com.shimaApps.StretchLayoutSample;
				PRODUCT_NAME = "$(TARGET_NAME)";
				SWIFT_VERSION = 3.0;
			};
			name = Release;
		};
		D44C19E41E367A680044DD6A /* Debug */ = {
			isa = XCBuildConfiguration;
			buildSettings = {
				ALWAYS_EMBED_SWIFT_STANDARD_LIBRARIES = YES;
				BUNDLE_LOADER = "$(TEST_HOST)";
				DEVELOPMENT_TEAM = 64T4PJ8WCZ;
				INFOPLIST_FILE = StretchLayoutSampleTests/Info.plist;
				LD_RUNPATH_SEARCH_PATHS = "$(inherited) @executable_path/Frameworks @loader_path/Frameworks";
				PRODUCT_BUNDLE_IDENTIFIER = com.shimaApps.StretchLayoutSampleTests;
				PRODUCT_NAME = "$(TARGET_NAME)";
				SWIFT_VERSION = 3.0;
				TEST_HOST = "$(BUILT_PRODUCTS_DIR)/StretchLayoutSample.app/StretchLayoutSample";
			};
			name = Debug;
		};
		D44C19E51E367A680044DD6A /* Release */ = {
			isa = XCBuildConfiguration;
			buildSettings = {
				ALWAYS_EMBED_SWIFT_STANDARD_LIBRARIES = YES;
				BUNDLE_LOADER = "$(TEST_HOST)";
				DEVELOPMENT_TEAM = 64T4PJ8WCZ;
				INFOPLIST_FILE = StretchLayoutSampleTests/Info.plist;
				LD_RUNPATH_SEARCH_PATHS = "$(inherited) @executable_path/Frameworks @loader_path/Frameworks";
				PRODUCT_BUNDLE_IDENTIFIER = com.shimaApps.StretchLayoutSampleTests;
				PRODUCT_NAME = "$(TARGET_NAME)";
				SWIFT_VERSION = 3.0;
				TEST_HOST = "$(BUILT_PRODUCTS_DIR)/StretchLayoutSample.app/StretchLayoutSample";
			};
			name = Release;
		};
		D44C19E71E367A680044DD6A /* Debug */ = {
			isa = XCBuildConfiguration;
			buildSettings = {
				ALWAYS_EMBED_SWIFT_STANDARD_LIBRARIES = YES;
				DEVELOPMENT_TEAM = 64T4PJ8WCZ;
				INFOPLIST_FILE = StretchLayoutSampleUITests/Info.plist;
				LD_RUNPATH_SEARCH_PATHS = "$(inherited) @executable_path/Frameworks @loader_path/Frameworks";
				PRODUCT_BUNDLE_IDENTIFIER = com.shimaApps.StretchLayoutSampleUITests;
				PRODUCT_NAME = "$(TARGET_NAME)";
				SWIFT_VERSION = 3.0;
				TEST_TARGET_NAME = StretchLayoutSample;
			};
			name = Debug;
		};
		D44C19E81E367A680044DD6A /* Release */ = {
			isa = XCBuildConfiguration;
			buildSettings = {
				ALWAYS_EMBED_SWIFT_STANDARD_LIBRARIES = YES;
				DEVELOPMENT_TEAM = 64T4PJ8WCZ;
				INFOPLIST_FILE = StretchLayoutSampleUITests/Info.plist;
				LD_RUNPATH_SEARCH_PATHS = "$(inherited) @executable_path/Frameworks @loader_path/Frameworks";
				PRODUCT_BUNDLE_IDENTIFIER = com.shimaApps.StretchLayoutSampleUITests;
				PRODUCT_NAME = "$(TARGET_NAME)";
				SWIFT_VERSION = 3.0;
				TEST_TARGET_NAME = StretchLayoutSample;
			};
			name = Release;
		};
/* End XCBuildConfiguration section */

/* Begin XCConfigurationList section */
		D44C19B31E367A670044DD6A /* Build configuration list for PBXProject "StretchLayoutSample" */ = {
			isa = XCConfigurationList;
			buildConfigurations = (
				D44C19DE1E367A680044DD6A /* Debug */,
				D44C19DF1E367A680044DD6A /* Release */,
			);
			defaultConfigurationIsVisible = 0;
			defaultConfigurationName = Release;
		};
		D44C19E01E367A680044DD6A /* Build configuration list for PBXNativeTarget "StretchLayoutSample" */ = {
			isa = XCConfigurationList;
			buildConfigurations = (
				D44C19E11E367A680044DD6A /* Debug */,
				D44C19E21E367A680044DD6A /* Release */,
			);
			defaultConfigurationIsVisible = 0;
		};
		D44C19E31E367A680044DD6A /* Build configuration list for PBXNativeTarget "StretchLayoutSampleTests" */ = {
			isa = XCConfigurationList;
			buildConfigurations = (
				D44C19E41E367A680044DD6A /* Debug */,
				D44C19E51E367A680044DD6A /* Release */,
			);
			defaultConfigurationIsVisible = 0;
		};
		D44C19E61E367A680044DD6A /* Build configuration list for PBXNativeTarget "StretchLayoutSampleUITests" */ = {
			isa = XCConfigurationList;
			buildConfigurations = (
				D44C19E71E367A680044DD6A /* Debug */,
				D44C19E81E367A680044DD6A /* Release */,
			);
			defaultConfigurationIsVisible = 0;
		};
/* End XCConfigurationList section */
	};
	rootObject = D44C19B01E367A670044DD6A /* Project object */;
}
